
Microsoft Visual Studio Solution File, Format Version 12.00
# Visual Studio Version 17
VisualStudioVersion = 17.3.32901.215
MinimumVisualStudioVersion = 10.0.40219.1
Project("{9A19103F-16F7-4668-BE54-9A1E7A4F7556}") = "SimplySoft.Core.SendR", "SimplySoft.Core.SendR\SimplySoft.Core.SendR.csproj", "{D59427D8-0621-41A7-81CF-160989FE1026}"
EndProject
Project("{9A19103F-16F7-4668-BE54-9A1E7A4F7556}") = "SimplySoft.Core.Test.ConsoleUI", "SimplySoft.Core.Test.ConsoleUI\SimplySoft.Core.Test.ConsoleUI.csproj", "{BA320F18-C984-4B8B-9B76-6757544D5234}"
EndProject
Global
	GlobalSection(SolutionConfigurationPlatforms) = preSolution
		Debug|Any CPU = Debug|Any CPU
		Release|Any CPU = Release|Any CPU
	EndGlobalSection
	GlobalSection(ProjectConfigurationPlatforms) = postSolution
		{D59427D8-0621-41A7-81CF-160989FE1026}.Debug|Any CPU.ActiveCfg = Debug|Any CPU
		{D59427D8-0621-41A7-81CF-160989FE1026}.Debug|Any CPU.Build.0 = Debug|Any CPU
		{D59427D8-0621-41A7-81CF-160989FE1026}.Release|Any CPU.ActiveCfg = Release|Any CPU
		{D59427D8-0621-41A7-81CF-160989FE1026}.Release|Any CPU.Build.0 = Release|Any CPU
		{BA320F18-C984-4B8B-9B76-6757544D5234}.Debug|Any CPU.ActiveCfg = Debug|Any CPU
		{BA320F18-C984-4B8B-9B76-6757544D5234}.Debug|Any CPU.Build.0 = Debug|Any CPU
		{BA320F18-C984-4B8B-9B76-6757544D5234}.Release|Any CPU.ActiveCfg = Release|Any CPU
		{BA320F18-C984-4B8B-9B76-6757544D5234}.Release|Any CPU.Build.0 = Release|Any CPU
	EndGlobalSection
	GlobalSection(SolutionProperties) = preSolution
		HideSolutionNode = FALSE
	EndGlobalSection
	GlobalSection(ExtensibilityGlobals) = postSolution
		SolutionGuid = {335676F6-2687-48E4-A74E-4E37473EE61D}
	EndGlobalSection
EndGlobal
