
Microsoft Visual Studio Solution File, Format Version 12.00
# Visual Studio Version 17
VisualStudioVersion = 17.3.32901.215
MinimumVisualStudioVersion = 10.0.40219.1
Project("{9A19103F-16F7-4668-BE54-9A1E7A4F7556}") = "SimplySoft.Core.SendR", "SimplySoft.Core.SendR\SimplySoft.Core.SendR.csproj", "{D59427D8-0621-41A7-81CF-160989FE1026}"
EndProject
Project("{9A19103F-16F7-4668-BE54-9A1E7A4F7556}") = "SimplySoft.Core.Test.WebUI", "SimplySoft.Core.Test.WebUI\SimplySoft.Core.Test.WebUI.csproj", "{47FB927E-85FA-4606-BB18-3858AE98E0DC}"
EndProject
Project("{FAE04EC0-301F-11D3-BF4B-00C04F79EFBC}") = "SimplySoft.Core.Test.ConsoleUI", "SimplySoft.Core.Test.ConsoleUI\SimplySoft.Core.Test.ConsoleUI.csproj", "{938AF819-C644-4D05-B643-C45A29FCB4EE}"
EndProject
Global
	GlobalSection(SolutionConfigurationPlatforms) = preSolution
		Debug|Any CPU = Debug|Any CPU
		Release|Any CPU = Release|Any CPU
	EndGlobalSection
	GlobalSection(ProjectConfigurationPlatforms) = postSolution
		{D59427D8-0621-41A7-81CF-160989FE1026}.Debug|Any CPU.ActiveCfg = Debug|Any CPU
		{D59427D8-0621-41A7-81CF-160989FE1026}.Debug|Any CPU.Build.0 = Debug|Any CPU
		{D59427D8-0621-41A7-81CF-160989FE1026}.Release|Any CPU.ActiveCfg = Release|Any CPU
		{D59427D8-0621-41A7-81CF-160989FE1026}.Release|Any CPU.Build.0 = Release|Any CPU
		{47FB927E-85FA-4606-BB18-3858AE98E0DC}.Debug|Any CPU.ActiveCfg = Debug|Any CPU
		{47FB927E-85FA-4606-BB18-3858AE98E0DC}.Debug|Any CPU.Build.0 = Debug|Any CPU
		{47FB927E-85FA-4606-BB18-3858AE98E0DC}.Release|Any CPU.ActiveCfg = Release|Any CPU
		{47FB927E-85FA-4606-BB18-3858AE98E0DC}.Release|Any CPU.Build.0 = Release|Any CPU
		{938AF819-C644-4D05-B643-C45A29FCB4EE}.Debug|Any CPU.ActiveCfg = Debug|Any CPU
		{938AF819-C644-4D05-B643-C45A29FCB4EE}.Debug|Any CPU.Build.0 = Debug|Any CPU
		{938AF819-C644-4D05-B643-C45A29FCB4EE}.Release|Any CPU.ActiveCfg = Release|Any CPU
		{938AF819-C644-4D05-B643-C45A29FCB4EE}.Release|Any CPU.Build.0 = Release|Any CPU
	EndGlobalSection
	GlobalSection(SolutionProperties) = preSolution
		HideSolutionNode = FALSE
	EndGlobalSection
	GlobalSection(ExtensibilityGlobals) = postSolution
		SolutionGuid = {335676F6-2687-48E4-A74E-4E37473EE61D}
	EndGlobalSection
EndGlobal
